// !$*UTF8*$!
{
	archiveVersion = 1;
	classes = {
	};
	objectVersion = 46;
	objects = {

/* Begin PBXBuildFile section */
		A1B66B231A65821C00FD400F /* AppDelegate.swift in Sources */ = {isa = PBXBuildFile; fileRef = A1B66B221A65821C00FD400F /* AppDelegate.swift */; };
		A1B66B251A65821C00FD400F /* ViewController.swift in Sources */ = {isa = PBXBuildFile; fileRef = A1B66B241A65821C00FD400F /* ViewController.swift */; };
		A1B66B281A65821C00FD400F /* Main.storyboard in Resources */ = {isa = PBXBuildFile; fileRef = A1B66B261A65821C00FD400F /* Main.storyboard */; };
		A1B66B2A1A65821C00FD400F /* Images.xcassets in Resources */ = {isa = PBXBuildFile; fileRef = A1B66B291A65821C00FD400F /* Images.xcassets */; };
		A1B66B2D1A65821C00FD400F /* LaunchScreen.xib in Resources */ = {isa = PBXBuildFile; fileRef = A1B66B2B1A65821C00FD400F /* LaunchScreen.xib */; };
		A1B66B391A65821C00FD400F /* StormyTests.swift in Sources */ = {isa = PBXBuildFile; fileRef = A1B66B381A65821C00FD400F /* StormyTests.swift */; };
/* End PBXBuildFile section */

/* Begin PBXContainerItemProxy section */
		A1B66B331A65821C00FD400F /* PBXContainerItemProxy */ = {
			isa = PBXContainerItemProxy;
			containerPortal = A1B66B151A65821A00FD400F /* Project object */;
			proxyType = 1;
			remoteGlobalIDString = A1B66B1C1A65821A00FD400F;
			remoteInfo = Stormy;
		};
/* End PBXContainerItemProxy section */

/* Begin PBXFileReference section */
		A1B66B1D1A65821C00FD400F /* Stormy.app */ = {isa = PBXFileReference; explicitFileType = wrapper.application; includeInIndex = 0; path = Stormy.app; sourceTree = BUILT_PRODUCTS_DIR; };
		A1B66B211A65821C00FD400F /* Info.plist */ = {isa = PBXFileReference; lastKnownFileType = text.plist.xml; path = Info.plist; sourceTree = "<group>"; };
		A1B66B221A65821C00FD400F /* AppDelegate.swift */ = {isa = PBXFileReference; lastKnownFileType = sourcecode.swift; path = AppDelegate.swift; sourceTree = "<group>"; };
		A1B66B241A65821C00FD400F /* ViewController.swift */ = {isa = PBXFileReference; lastKnownFileType = sourcecode.swift; path = ViewController.swift; sourceTree = "<group>"; };
		A1B66B271A65821C00FD400F /* Base */ = {isa = PBXFileReference; lastKnownFileType = file.storyboard; name = Base; path = Base.lproj/Main.storyboard; sourceTree = "<group>"; };
		A1B66B291A65821C00FD400F /* Images.xcassets */ = {isa = PBXFileReference; lastKnownFileType = folder.assetcatalog; path = Images.xcassets; sourceTree = "<group>"; };
		A1B66B2C1A65821C00FD400F /* Base */ = {isa = PBXFileReference; lastKnownFileType = file.xib; name = Base; path = Base.lproj/LaunchScreen.xib; sourceTree = "<group>"; };
		A1B66B321A65821C00FD400F /* StormyTests.xctest */ = {isa = PBXFileReference; explicitFileType = wrapper.cfbundle; includeInIndex = 0; path = StormyTests.xctest; sourceTree = BUILT_PRODUCTS_DIR; };
		A1B66B371A65821C00FD400F /* Info.plist */ = {isa = PBXFileReference; lastKnownFileType = text.plist.xml; path = Info.plist; sourceTree = "<group>"; };
		A1B66B381A65821C00FD400F /* StormyTests.swift */ = {isa = PBXFileReference; lastKnownFileType = sourcecode.swift; path = StormyTests.swift; sourceTree = "<group>"; };
/* End PBXFileReference section */

/* Begin PBXFrameworksBuildPhase section */
		A1B66B1A1A65821A00FD400F /* Frameworks */ = {
			isa = PBXFrameworksBuildPhase;
			buildActionMask = 2147483647;
			files = (
			);
			runOnlyForDeploymentPostprocessing = 0;
		};
		A1B66B2F1A65821C00FD400F /* Frameworks */ = {
			isa = PBXFrameworksBuildPhase;
			buildActionMask = 2147483647;
			files = (
			);
			runOnlyForDeploymentPostprocessing = 0;
		};
/* End PBXFrameworksBuildPhase section */

/* Begin PBXGroup section */
		A1B66B141A65821A00FD400F = {
			isa = PBXGroup;
			children = (
				A1B66B1F1A65821C00FD400F /* Stormy */,
				A1B66B351A65821C00FD400F /* StormyTests */,
				A1B66B1E1A65821C00FD400F /* Products */,
			);
			sourceTree = "<group>";
		};
		A1B66B1E1A65821C00FD400F /* Products */ = {
			isa = PBXGroup;
			children = (
				A1B66B1D1A65821C00FD400F /* Stormy.app */,
				A1B66B321A65821C00FD400F /* StormyTests.xctest */,
			);
			name = Products;
			sourceTree = "<group>";
		};
		A1B66B1F1A65821C00FD400F /* Stormy */ = {
			isa = PBXGroup;
			children = (
				A1B66B221A65821C00FD400F /* AppDelegate.swift */,
				A1B66B241A65821C00FD400F /* ViewController.swift */,
				A1B66B261A65821C00FD400F /* Main.storyboard */,
				A1B66B291A65821C00FD400F /* Images.xcassets */,
				A1B66B2B1A65821C00FD400F /* LaunchScreen.xib */,
				A1B66B201A65821C00FD400F /* Supporting Files */,
			);
			path = Stormy;
			sourceTree = "<group>";
		};
		A1B66B201A65821C00FD400F /* Supporting Files */ = {
			isa = PBXGroup;
			children = (
				A1B66B211A65821C00FD400F /* Info.plist */,
			);
			name = "Supporting Files";
			sourceTree = "<group>";
		};
		A1B66B351A65821C00FD400F /* StormyTests */ = {
			isa = PBXGroup;
			children = (
				A1B66B381A65821C00FD400F /* StormyTests.swift */,
				A1B66B361A65821C00FD400F /* Supporting Files */,
			);
			path = StormyTests;
			sourceTree = "<group>";
		};
		A1B66B361A65821C00FD400F /* Supporting Files */ = {
			isa = PBXGroup;
			children = (
				A1B66B371A65821C00FD400F /* Info.plist */,
			);
			name = "Supporting Files";
			sourceTree = "<group>";
		};
/* End PBXGroup section */

/* Begin PBXNativeTarget section */
		A1B66B1C1A65821A00FD400F /* Stormy */ = {
			isa = PBXNativeTarget;
			buildConfigurationList = A1B66B3C1A65821C00FD400F /* Build configuration list for PBXNativeTarget "Stormy" */;
			buildPhases = (
				A1B66B191A65821A00FD400F /* Sources */,
				A1B66B1A1A65821A00FD400F /* Frameworks */,
				A1B66B1B1A65821A00FD400F /* Resources */,
			);
			buildRules = (
			);
			dependencies = (
			);
			name = Stormy;
			productName = Stormy;
			productReference = A1B66B1D1A65821C00FD400F /* Stormy.app */;
			productType = "com.apple.product-type.application";
		};
		A1B66B311A65821C00FD400F /* StormyTests */ = {
			isa = PBXNativeTarget;
			buildConfigurationList = A1B66B3F1A65821C00FD400F /* Build configuration list for PBXNativeTarget "StormyTests" */;
			buildPhases = (
				A1B66B2E1A65821C00FD400F /* Sources */,
				A1B66B2F1A65821C00FD400F /* Frameworks */,
				A1B66B301A65821C00FD400F /* Resources */,
			);
			buildRules = (
			);
			dependencies = (
				A1B66B341A65821C00FD400F /* PBXTargetDependency */,
			);
			name = StormyTests;
			productName = StormyTests;
			productReference = A1B66B321A65821C00FD400F /* StormyTests.xctest */;
			productType = "com.apple.product-type.bundle.unit-test";
		};
/* End PBXNativeTarget section */

/* Begin PBXProject section */
		A1B66B151A65821A00FD400F /* Project object */ = {
			isa = PBXProject;
			attributes = {
				LastUpgradeCheck = 0610;
				ORGANIZATIONNAME = "Sass, Nathan";
				TargetAttributes = {
					A1B66B1C1A65821A00FD400F = {
						CreatedOnToolsVersion = 6.1;
					};
					A1B66B311A65821C00FD400F = {
						CreatedOnToolsVersion = 6.1;
						TestTargetID = A1B66B1C1A65821A00FD400F;
					};
				};
			};
			buildConfigurationList = A1B66B181A65821A00FD400F /* Build configuration list for PBXProject "Stormy" */;
			compatibilityVersion = "Xcode 3.2";
			developmentRegion = English;
			hasScannedForEncodings = 0;
			knownRegions = (
				en,
				Base,
			);
			mainGroup = A1B66B141A65821A00FD400F;
			productRefGroup = A1B66B1E1A65821C00FD400F /* Products */;
			projectDirPath = "";
			projectRoot = "";
			targets = (
				A1B66B1C1A65821A00FD400F /* Stormy */,
				A1B66B311A65821C00FD400F /* StormyTests */,
			);
		};
/* End PBXProject section */

/* Begin PBXResourcesBuildPhase section */
		A1B66B1B1A65821A00FD400F /* Resources */ = {
			isa = PBXResourcesBuildPhase;
			buildActionMask = 2147483647;
			files = (
				A1B66B281A65821C00FD400F /* Main.storyboard in Resources */,
				A1B66B2D1A65821C00FD400F /* LaunchScreen.xib in Resources */,
				A1B66B2A1A65821C00FD400F /* Images.xcassets in Resources */,
			);
			runOnlyForDeploymentPostprocessing = 0;
		};
		A1B66B301A65821C00FD400F /* Resources */ = {
			isa = PBXResourcesBuildPhase;
			buildActionMask = 2147483647;
			files = (
			);
			runOnlyForDeploymentPostprocessing = 0;
		};
/* End PBXResourcesBuildPhase section */

/* Begin PBXSourcesBuildPhase section */
		A1B66B191A65821A00FD400F /* Sources */ = {
			isa = PBXSourcesBuildPhase;
			buildActionMask = 2147483647;
			files = (
				A1B66B251A65821C00FD400F /* ViewController.swift in Sources */,
				A1B66B231A65821C00FD400F /* AppDelegate.swift in Sources */,
			);
			runOnlyForDeploymentPostprocessing = 0;
		};
		A1B66B2E1A65821C00FD400F /* Sources */ = {
			isa = PBXSourcesBuildPhase;
			buildActionMask = 2147483647;
			files = (
				A1B66B391A65821C00FD400F /* StormyTests.swift in Sources */,
			);
			runOnlyForDeploymentPostprocessing = 0;
		};
/* End PBXSourcesBuildPhase section */

/* Begin PBXTargetDependency section */
		A1B66B341A65821C00FD400F /* PBXTargetDependency */ = {
			isa = PBXTargetDependency;
			target = A1B66B1C1A65821A00FD400F /* Stormy */;
			targetProxy = A1B66B331A65821C00FD400F /* PBXContainerItemProxy */;
		};
/* End PBXTargetDependency section */

/* Begin PBXVariantGroup section */
		A1B66B261A65821C00FD400F /* Main.storyboard */ = {
			isa = PBXVariantGroup;
			children = (
				A1B66B271A65821C00FD400F /* Base */,
			);
			name = Main.storyboard;
			sourceTree = "<group>";
		};
		A1B66B2B1A65821C00FD400F /* LaunchScreen.xib */ = {
			isa = PBXVariantGroup;
			children = (
				A1B66B2C1A65821C00FD400F /* Base */,
			);
			name = LaunchScreen.xib;
			sourceTree = "<group>";
		};
/* End PBXVariantGroup section */

/* Begin XCBuildConfiguration section */
		A1B66B3A1A65821C00FD400F /* Debug */ = {
			isa = XCBuildConfiguration;
			buildSettings = {
				ALWAYS_SEARCH_USER_PATHS = NO;
				CLANG_CXX_LANGUAGE_STANDARD = "gnu++0x";
				CLANG_CXX_LIBRARY = "libc++";
				CLANG_ENABLE_MODULES = YES;
				CLANG_ENABLE_OBJC_ARC = YES;
				CLANG_WARN_BOOL_CONVERSION = YES;
				CLANG_WARN_CONSTANT_CONVERSION = YES;
				CLANG_WARN_DIRECT_OBJC_ISA_USAGE = YES_ERROR;
				CLANG_WARN_EMPTY_BODY = YES;
				CLANG_WARN_ENUM_CONVERSION = YES;
				CLANG_WARN_INT_CONVERSION = YES;
				CLANG_WARN_OBJC_ROOT_CLASS = YES_ERROR;
				CLANG_WARN_UNREACHABLE_CODE = YES;
				CLANG_WARN__DUPLICATE_METHOD_MATCH = YES;
				"CODE_SIGN_IDENTITY[sdk=iphoneos*]" = "iPhone Developer";
				COPY_PHASE_STRIP = NO;
				ENABLE_STRICT_OBJC_MSGSEND = YES;
				GCC_C_LANGUAGE_STANDARD = gnu99;
				GCC_DYNAMIC_NO_PIC = NO;
				GCC_OPTIMIZATION_LEVEL = 0;
				GCC_PREPROCESSOR_DEFINITIONS = (
					"DEBUG=1",
					"$(inherited)",
				);
				GCC_SYMBOLS_PRIVATE_EXTERN = NO;
				GCC_WARN_64_TO_32_BIT_CONVERSION = YES;
				GCC_WARN_ABOUT_RETURN_TYPE = YES_ERROR;
				GCC_WARN_UNDECLARED_SELECTOR = YES;
				GCC_WARN_UNINITIALIZED_AUTOS = YES_AGGRESSIVE;
				GCC_WARN_UNUSED_FUNCTION = YES;
				GCC_WARN_UNUSED_VARIABLE = YES;
				IPHONEOS_DEPLOYMENT_TARGET = 8.1;
				MTL_ENABLE_DEBUG_INFO = YES;
				ONLY_ACTIVE_ARCH = YES;
				SDKROOT = iphoneos;
				SWIFT_OPTIMIZATION_LEVEL = "-Onone";
			};
			name = Debug;
		};
		A1B66B3B1A65821C00FD400F /* Release */ = {
			isa = XCBuildConfiguration;
			buildSettings = {
				ALWAYS_SEARCH_USER_PATHS = NO;
				CLANG_CXX_LANGUAGE_STANDARD = "gnu++0x";
				CLANG_CXX_LIBRARY = "libc++";
				CLANG_ENABLE_MODULES = YES;
				CLANG_ENABLE_OBJC_ARC = YES;
				CLANG_WARN_BOOL_CONVERSION = YES;
				CLANG_WARN_CONSTANT_CONVERSION = YES;
				CLANG_WARN_DIRECT_OBJC_ISA_USAGE = YES_ERROR;
				CLANG_WARN_EMPTY_BODY = YES;
				CLANG_WARN_ENUM_CONVERSION = YES;
				CLANG_WARN_INT_CONVERSION = YES;
				CLANG_WARN_OBJC_ROOT_CLASS = YES_ERROR;
				CLANG_WARN_UNREACHABLE_CODE = YES;
				CLANG_WARN__DUPLICATE_METHOD_MATCH = YES;
				"CODE_SIGN_IDENTITY[sdk=iphoneos*]" = "iPhone Developer";
				COPY_PHASE_STRIP = YES;
				ENABLE_NS_ASSERTIONS = NO;
				ENABLE_STRICT_OBJC_MSGSEND = YES;
				GCC_C_LANGUAGE_STANDARD = gnu99;
				GCC_WARN_64_TO_32_BIT_CONVERSION = YES;
				GCC_WARN_ABOUT_RETURN_TYPE = YES_ERROR;
				GCC_WARN_UNDECLARED_SELECTOR = YES;
				GCC_WARN_UNINITIALIZED_AUTOS = YES_AGGRESSIVE;
				GCC_WARN_UNUSED_FUNCTION = YES;
				GCC_WARN_UNUSED_VARIABLE = YES;
				IPHONEOS_DEPLOYMENT_TARGET = 8.1;
				MTL_ENABLE_DEBUG_INFO = NO;
				SDKROOT = iphoneos;
				VALIDATE_PRODUCT = YES;
			};
			name = Release;
		};
		A1B66B3D1A65821C00FD400F /* Debug */ = {
			isa = XCBuildConfiguration;
			buildSettings = {
				ASSETCATALOG_COMPILER_APPICON_NAME = AppIcon;
				INFOPLIST_FILE = Stormy/Info.plist;
				LD_RUNPATH_SEARCH_PATHS = "$(inherited) @executable_path/Frameworks";
				PRODUCT_NAME = "$(TARGET_NAME)";
			};
			name = Debug;
		};
		A1B66B3E1A65821C00FD400F /* Release */ = {
			isa = XCBuildConfiguration;
			buildSettings = {
				ASSETCATALOG_COMPILER_APPICON_NAME = AppIcon;
				INFOPLIST_FILE = Stormy/Info.plist;
				LD_RUNPATH_SEARCH_PATHS = "$(inherited) @executable_path/Frameworks";
				PRODUCT_NAME = "$(TARGET_NAME)";
			};
			name = Release;
		};
		A1B66B401A65821C00FD400F /* Debug */ = {
			isa = XCBuildConfiguration;
			buildSettings = {
				BUNDLE_LOADER = "$(TEST_HOST)";
				FRAMEWORK_SEARCH_PATHS = (
					"$(SDKROOT)/Developer/Library/Frameworks",
					"$(inherited)",
				);
				GCC_PREPROCESSOR_DEFINITIONS = (
					"DEBUG=1",
					"$(inherited)",
				);
				INFOPLIST_FILE = StormyTests/Info.plist;
				LD_RUNPATH_SEARCH_PATHS = "$(inherited) @executable_path/Frameworks @loader_path/Frameworks";
				PRODUCT_NAME = "$(TARGET_NAME)";
				TEST_HOST = "$(BUILT_PRODUCTS_DIR)/Stormy.app/Stormy";
			};
			name = Debug;
		};
		A1B66B411A65821C00FD400F /* Release */ = {
			isa = XCBuildConfiguration;
			buildSettings = {
				BUNDLE_LOADER = "$(TEST_HOST)";
				FRAMEWORK_SEARCH_PATHS = (
					"$(SDKROOT)/Developer/Library/Frameworks",
					"$(inherited)",
				);
				INFOPLIST_FILE = StormyTests/Info.plist;
				LD_RUNPATH_SEARCH_PATHS = "$(inherited) @executable_path/Frameworks @loader_path/Frameworks";
				PRODUCT_NAME = "$(TARGET_NAME)";
				TEST_HOST = "$(BUILT_PRODUCTS_DIR)/Stormy.app/Stormy";
			};
			name = Release;
		};
/* End XCBuildConfiguration section */

/* Begin XCConfigurationList section */
		A1B66B181A65821A00FD400F /* Build configuration list for PBXProject "Stormy" */ = {
			isa = XCConfigurationList;
			buildConfigurations = (
				A1B66B3A1A65821C00FD400F /* Debug */,
				A1B66B3B1A65821C00FD400F /* Release */,
			);
			defaultConfigurationIsVisible = 0;
			defaultConfigurationName = Release;
		};
		A1B66B3C1A65821C00FD400F /* Build configuration list for PBXNativeTarget "Stormy" */ = {
			isa = XCConfigurationList;
			buildConfigurations = (
				A1B66B3D1A65821C00FD400F /* Debug */,
				A1B66B3E1A65821C00FD400F /* Release */,
			);
			defaultConfigurationIsVisible = 0;
		};
		A1B66B3F1A65821C00FD400F /* Build configuration list for PBXNativeTarget "StormyTests" */ = {
			isa = XCConfigurationList;
			buildConfigurations = (
				A1B66B401A65821C00FD400F /* Debug */,
				A1B66B411A65821C00FD400F /* Release */,
			);
			defaultConfigurationIsVisible = 0;
		};
/* End XCConfigurationList section */
	};
	rootObject = A1B66B151A65821A00FD400F /* Project object */;
}
